
Microsoft Visual Studio Solution File, Format Version 12.00
# Visual Studio 15
VisualStudioVersion = 15.0.28010.2041
MinimumVisualStudioVersion = 10.0.40219.1
Project("{8BC9CEB8-8B4A-11D0-8D11-00A0C91BC942}") = "Multi Rate Processing", "Multi Rate Processing\Multi Rate Processing.vcxproj", "{84422D79-D731-4854-8E7A-572605AE3CA8}"
EndProject
Global
	GlobalSection(SolutionConfigurationPlatforms) = preSolution
		Debug|x64 = Debug|x64
		Debug|x86 = Debug|x86
		Release|x64 = Release|x64
		Release|x86 = Release|x86
	EndGlobalSection
	GlobalSection(ProjectConfigurationPlatforms) = postSolution
		{84422D79-D731-4854-8E7A-572605AE3CA8}.Debug|x64.ActiveCfg = Debug|x64
		{84422D79-D731-4854-8E7A-572605AE3CA8}.Debug|x64.Build.0 = Debug|x64
		{84422D79-D731-4854-8E7A-572605AE3CA8}.Debug|x86.ActiveCfg = Debug|Win32
		{84422D79-D731-4854-8E7A-572605AE3CA8}.Debug|x86.Build.0 = Debug|Win32
		{84422D79-D731-4854-8E7A-572605AE3CA8}.Release|x64.ActiveCfg = Release|x64
		{84422D79-D731-4854-8E7A-572605AE3CA8}.Release|x64.Build.0 = Release|x64
		{84422D79-D731-4854-8E7A-572605AE3CA8}.Release|x86.ActiveCfg = Release|Win32
		{84422D79-D731-4854-8E7A-572605AE3CA8}.Release|x86.Build.0 = Release|Win32
	EndGlobalSection
	GlobalSection(SolutionProperties) = preSolution
		HideSolutionNode = FALSE
	EndGlobalSection
	GlobalSection(ExtensibilityGlobals) = postSolution
		SolutionGuid = {78929B57-9632-4A81-8C51-3FB08AD129E9}
	EndGlobalSection
EndGlobal
